// !$*UTF8*$!
{
	archiveVersion = 1;
	classes = {
	};
	objectVersion = 46;
	objects = {

/* Begin PBXBuildFile section */
		B6E99FC11BDD6C7A00FAEC41 /* AppDelegate.swift in Sources */ = {isa = PBXBuildFile; fileRef = B6E99FC01BDD6C7A00FAEC41 /* AppDelegate.swift */; };
		B6E99FC31BDD6C7A00FAEC41 /* ViewController.swift in Sources */ = {isa = PBXBuildFile; fileRef = B6E99FC21BDD6C7A00FAEC41 /* ViewController.swift */; };
		B6E99FC61BDD6C7A00FAEC41 /* Main.storyboard in Resources */ = {isa = PBXBuildFile; fileRef = B6E99FC41BDD6C7A00FAEC41 /* Main.storyboard */; };
		B6E99FC91BDD6C7A00FAEC41 /* Postcard.xcdatamodeld in Sources */ = {isa = PBXBuildFile; fileRef = B6E99FC71BDD6C7A00FAEC41 /* Postcard.xcdatamodeld */; };
		B6E99FCB1BDD6C7A00FAEC41 /* Assets.xcassets in Resources */ = {isa = PBXBuildFile; fileRef = B6E99FCA1BDD6C7A00FAEC41 /* Assets.xcassets */; };
		B6E99FCE1BDD6C7A00FAEC41 /* LaunchScreen.storyboard in Resources */ = {isa = PBXBuildFile; fileRef = B6E99FCC1BDD6C7A00FAEC41 /* LaunchScreen.storyboard */; };
		B6E99FD91BDD6C7A00FAEC41 /* PostcardTests.swift in Sources */ = {isa = PBXBuildFile; fileRef = B6E99FD81BDD6C7A00FAEC41 /* PostcardTests.swift */; };
/* End PBXBuildFile section */

/* Begin PBXContainerItemProxy section */
		B6E99FD51BDD6C7A00FAEC41 /* PBXContainerItemProxy */ = {
			isa = PBXContainerItemProxy;
			containerPortal = B6E99FB51BDD6C7A00FAEC41 /* Project object */;
			proxyType = 1;
			remoteGlobalIDString = B6E99FBC1BDD6C7A00FAEC41;
			remoteInfo = Postcard;
		};
/* End PBXContainerItemProxy section */

/* Begin PBXFileReference section */
		B6E99FBD1BDD6C7A00FAEC41 /* Postcard.app */ = {isa = PBXFileReference; explicitFileType = wrapper.application; includeInIndex = 0; path = Postcard.app; sourceTree = BUILT_PRODUCTS_DIR; };
		B6E99FC01BDD6C7A00FAEC41 /* AppDelegate.swift */ = {isa = PBXFileReference; lastKnownFileType = sourcecode.swift; path = AppDelegate.swift; sourceTree = "<group>"; };
		B6E99FC21BDD6C7A00FAEC41 /* ViewController.swift */ = {isa = PBXFileReference; lastKnownFileType = sourcecode.swift; path = ViewController.swift; sourceTree = "<group>"; };
		B6E99FC51BDD6C7A00FAEC41 /* Base */ = {isa = PBXFileReference; lastKnownFileType = file.storyboard; name = Base; path = Base.lproj/Main.storyboard; sourceTree = "<group>"; };
		B6E99FC81BDD6C7A00FAEC41 /* Postcard.xcdatamodel */ = {isa = PBXFileReference; lastKnownFileType = wrapper.xcdatamodel; path = Postcard.xcdatamodel; sourceTree = "<group>"; };
		B6E99FCA1BDD6C7A00FAEC41 /* Assets.xcassets */ = {isa = PBXFileReference; lastKnownFileType = folder.assetcatalog; path = Assets.xcassets; sourceTree = "<group>"; };
		B6E99FCD1BDD6C7A00FAEC41 /* Base */ = {isa = PBXFileReference; lastKnownFileType = file.storyboard; name = Base; path = Base.lproj/LaunchScreen.storyboard; sourceTree = "<group>"; };
		B6E99FCF1BDD6C7A00FAEC41 /* Info.plist */ = {isa = PBXFileReference; lastKnownFileType = text.plist.xml; path = Info.plist; sourceTree = "<group>"; };
		B6E99FD41BDD6C7A00FAEC41 /* PostcardTests.xctest */ = {isa = PBXFileReference; explicitFileType = wrapper.cfbundle; includeInIndex = 0; path = PostcardTests.xctest; sourceTree = BUILT_PRODUCTS_DIR; };
		B6E99FD81BDD6C7A00FAEC41 /* PostcardTests.swift */ = {isa = PBXFileReference; lastKnownFileType = sourcecode.swift; path = PostcardTests.swift; sourceTree = "<group>"; };
		B6E99FDA1BDD6C7A00FAEC41 /* Info.plist */ = {isa = PBXFileReference; lastKnownFileType = text.plist.xml; path = Info.plist; sourceTree = "<group>"; };
/* End PBXFileReference section */

/* Begin PBXFrameworksBuildPhase section */
		B6E99FBA1BDD6C7A00FAEC41 /* Frameworks */ = {
			isa = PBXFrameworksBuildPhase;
			buildActionMask = 2147483647;
			files = (
			);
			runOnlyForDeploymentPostprocessing = 0;
		};
		B6E99FD11BDD6C7A00FAEC41 /* Frameworks */ = {
			isa = PBXFrameworksBuildPhase;
			buildActionMask = 2147483647;
			files = (
			);
			runOnlyForDeploymentPostprocessing = 0;
		};
/* End PBXFrameworksBuildPhase section */

/* Begin PBXGroup section */
		B6E99FB41BDD6C7A00FAEC41 = {
			isa = PBXGroup;
			children = (
				B6E99FBF1BDD6C7A00FAEC41 /* Postcard */,
				B6E99FD71BDD6C7A00FAEC41 /* PostcardTests */,
				B6E99FBE1BDD6C7A00FAEC41 /* Products */,
			);
			sourceTree = "<group>";
		};
		B6E99FBE1BDD6C7A00FAEC41 /* Products */ = {
			isa = PBXGroup;
			children = (
				B6E99FBD1BDD6C7A00FAEC41 /* Postcard.app */,
				B6E99FD41BDD6C7A00FAEC41 /* PostcardTests.xctest */,
			);
			name = Products;
			sourceTree = "<group>";
		};
		B6E99FBF1BDD6C7A00FAEC41 /* Postcard */ = {
			isa = PBXGroup;
			children = (
				B6E99FC01BDD6C7A00FAEC41 /* AppDelegate.swift */,
				B6E99FC21BDD6C7A00FAEC41 /* ViewController.swift */,
				B6E99FC41BDD6C7A00FAEC41 /* Main.storyboard */,
				B6E99FCA1BDD6C7A00FAEC41 /* Assets.xcassets */,
				B6E99FCC1BDD6C7A00FAEC41 /* LaunchScreen.storyboard */,
				B6E99FCF1BDD6C7A00FAEC41 /* Info.plist */,
				B6E99FC71BDD6C7A00FAEC41 /* Postcard.xcdatamodeld */,
			);
			path = Postcard;
			sourceTree = "<group>";
		};
		B6E99FD71BDD6C7A00FAEC41 /* PostcardTests */ = {
			isa = PBXGroup;
			children = (
				B6E99FD81BDD6C7A00FAEC41 /* PostcardTests.swift */,
				B6E99FDA1BDD6C7A00FAEC41 /* Info.plist */,
			);
			path = PostcardTests;
			sourceTree = "<group>";
		};
/* End PBXGroup section */

/* Begin PBXNativeTarget section */
		B6E99FBC1BDD6C7A00FAEC41 /* Postcard */ = {
			isa = PBXNativeTarget;
			buildConfigurationList = B6E99FDD1BDD6C7A00FAEC41 /* Build configuration list for PBXNativeTarget "Postcard" */;
			buildPhases = (
				B6E99FB91BDD6C7A00FAEC41 /* Sources */,
				B6E99FBA1BDD6C7A00FAEC41 /* Frameworks */,
				B6E99FBB1BDD6C7A00FAEC41 /* Resources */,
			);
			buildRules = (
			);
			dependencies = (
			);
			name = Postcard;
			productName = Postcard;
			productReference = B6E99FBD1BDD6C7A00FAEC41 /* Postcard.app */;
			productType = "com.apple.product-type.application";
		};
		B6E99FD31BDD6C7A00FAEC41 /* PostcardTests */ = {
			isa = PBXNativeTarget;
			buildConfigurationList = B6E99FE01BDD6C7A00FAEC41 /* Build configuration list for PBXNativeTarget "PostcardTests" */;
			buildPhases = (
				B6E99FD01BDD6C7A00FAEC41 /* Sources */,
				B6E99FD11BDD6C7A00FAEC41 /* Frameworks */,
				B6E99FD21BDD6C7A00FAEC41 /* Resources */,
			);
			buildRules = (
			);
			dependencies = (
				B6E99FD61BDD6C7A00FAEC41 /* PBXTargetDependency */,
			);
			name = PostcardTests;
			productName = PostcardTests;
			productReference = B6E99FD41BDD6C7A00FAEC41 /* PostcardTests.xctest */;
			productType = "com.apple.product-type.bundle.unit-test";
		};
/* End PBXNativeTarget section */

/* Begin PBXProject section */
		B6E99FB51BDD6C7A00FAEC41 /* Project object */ = {
			isa = PBXProject;
			attributes = {
				LastUpgradeCheck = 0700;
				ORGANIZATIONNAME = "Sandra Miteva";
				TargetAttributes = {
					B6E99FBC1BDD6C7A00FAEC41 = {
						CreatedOnToolsVersion = 7.0.1;
					};
					B6E99FD31BDD6C7A00FAEC41 = {
						CreatedOnToolsVersion = 7.0.1;
						TestTargetID = B6E99FBC1BDD6C7A00FAEC41;
					};
				};
			};
			buildConfigurationList = B6E99FB81BDD6C7A00FAEC41 /* Build configuration list for PBXProject "Postcard" */;
			compatibilityVersion = "Xcode 3.2";
			developmentRegion = English;
			hasScannedForEncodings = 0;
			knownRegions = (
				en,
				Base,
			);
			mainGroup = B6E99FB41BDD6C7A00FAEC41;
			productRefGroup = B6E99FBE1BDD6C7A00FAEC41 /* Products */;
			projectDirPath = "";
			projectRoot = "";
			targets = (
				B6E99FBC1BDD6C7A00FAEC41 /* Postcard */,
				B6E99FD31BDD6C7A00FAEC41 /* PostcardTests */,
			);
		};
/* End PBXProject section */

/* Begin PBXResourcesBuildPhase section */
		B6E99FBB1BDD6C7A00FAEC41 /* Resources */ = {
			isa = PBXResourcesBuildPhase;
			buildActionMask = 2147483647;
			files = (
				B6E99FCE1BDD6C7A00FAEC41 /* LaunchScreen.storyboard in Resources */,
				B6E99FCB1BDD6C7A00FAEC41 /* Assets.xcassets in Resources */,
				B6E99FC61BDD6C7A00FAEC41 /* Main.storyboard in Resources */,
			);
			runOnlyForDeploymentPostprocessing = 0;
		};
		B6E99FD21BDD6C7A00FAEC41 /* Resources */ = {
			isa = PBXResourcesBuildPhase;
			buildActionMask = 2147483647;
			files = (
			);
			runOnlyForDeploymentPostprocessing = 0;
		};
/* End PBXResourcesBuildPhase section */

/* Begin PBXSourcesBuildPhase section */
		B6E99FB91BDD6C7A00FAEC41 /* Sources */ = {
			isa = PBXSourcesBuildPhase;
			buildActionMask = 2147483647;
			files = (
				B6E99FC31BDD6C7A00FAEC41 /* ViewController.swift in Sources */,
				B6E99FC91BDD6C7A00FAEC41 /* Postcard.xcdatamodeld in Sources */,
				B6E99FC11BDD6C7A00FAEC41 /* AppDelegate.swift in Sources */,
			);
			runOnlyForDeploymentPostprocessing = 0;
		};
		B6E99FD01BDD6C7A00FAEC41 /* Sources */ = {
			isa = PBXSourcesBuildPhase;
			buildActionMask = 2147483647;
			files = (
				B6E99FD91BDD6C7A00FAEC41 /* PostcardTests.swift in Sources */,
			);
			runOnlyForDeploymentPostprocessing = 0;
		};
/* End PBXSourcesBuildPhase section */

/* Begin PBXTargetDependency section */
		B6E99FD61BDD6C7A00FAEC41 /* PBXTargetDependency */ = {
			isa = PBXTargetDependency;
			target = B6E99FBC1BDD6C7A00FAEC41 /* Postcard */;
			targetProxy = B6E99FD51BDD6C7A00FAEC41 /* PBXContainerItemProxy */;
		};
/* End PBXTargetDependency section */

/* Begin PBXVariantGroup section */
		B6E99FC41BDD6C7A00FAEC41 /* Main.storyboard */ = {
			isa = PBXVariantGroup;
			children = (
				B6E99FC51BDD6C7A00FAEC41 /* Base */,
			);
			name = Main.storyboard;
			sourceTree = "<group>";
		};
		B6E99FCC1BDD6C7A00FAEC41 /* LaunchScreen.storyboard */ = {
			isa = PBXVariantGroup;
			children = (
				B6E99FCD1BDD6C7A00FAEC41 /* Base */,
			);
			name = LaunchScreen.storyboard;
			sourceTree = "<group>";
		};
/* End PBXVariantGroup section */

/* Begin XCBuildConfiguration section */
		B6E99FDB1BDD6C7A00FAEC41 /* Debug */ = {
			isa = XCBuildConfiguration;
			buildSettings = {
				ALWAYS_SEARCH_USER_PATHS = NO;
				CLANG_CXX_LANGUAGE_STANDARD = "gnu++0x";
				CLANG_CXX_LIBRARY = "libc++";
				CLANG_ENABLE_MODULES = YES;
				CLANG_ENABLE_OBJC_ARC = YES;
				CLANG_WARN_BOOL_CONVERSION = YES;
				CLANG_WARN_CONSTANT_CONVERSION = YES;
				CLANG_WARN_DIRECT_OBJC_ISA_USAGE = YES_ERROR;
				CLANG_WARN_EMPTY_BODY = YES;
				CLANG_WARN_ENUM_CONVERSION = YES;
				CLANG_WARN_INT_CONVERSION = YES;
				CLANG_WARN_OBJC_ROOT_CLASS = YES_ERROR;
				CLANG_WARN_UNREACHABLE_CODE = YES;
				CLANG_WARN__DUPLICATE_METHOD_MATCH = YES;
				"CODE_SIGN_IDENTITY[sdk=iphoneos*]" = "iPhone Developer";
				COPY_PHASE_STRIP = NO;
				DEBUG_INFORMATION_FORMAT = dwarf;
				ENABLE_STRICT_OBJC_MSGSEND = YES;
				ENABLE_TESTABILITY = YES;
				GCC_C_LANGUAGE_STANDARD = gnu99;
				GCC_DYNAMIC_NO_PIC = NO;
				GCC_NO_COMMON_BLOCKS = YES;
				GCC_OPTIMIZATION_LEVEL = 0;
				GCC_PREPROCESSOR_DEFINITIONS = (
					"DEBUG=1",
					"$(inherited)",
				);
				GCC_WARN_64_TO_32_BIT_CONVERSION = YES;
				GCC_WARN_ABOUT_RETURN_TYPE = YES_ERROR;
				GCC_WARN_UNDECLARED_SELECTOR = YES;
				GCC_WARN_UNINITIALIZED_AUTOS = YES_AGGRESSIVE;
				GCC_WARN_UNUSED_FUNCTION = YES;
				GCC_WARN_UNUSED_VARIABLE = YES;
				IPHONEOS_DEPLOYMENT_TARGET = 9.0;
				MTL_ENABLE_DEBUG_INFO = YES;
				ONLY_ACTIVE_ARCH = YES;
				SDKROOT = iphoneos;
				SWIFT_OPTIMIZATION_LEVEL = "-Onone";
				TARGETED_DEVICE_FAMILY = "1,2";
			};
			name = Debug;
		};
		B6E99FDC1BDD6C7A00FAEC41 /* Release */ = {
			isa = XCBuildConfiguration;
			buildSettings = {
				ALWAYS_SEARCH_USER_PATHS = NO;
				CLANG_CXX_LANGUAGE_STANDARD = "gnu++0x";
				CLANG_CXX_LIBRARY = "libc++";
				CLANG_ENABLE_MODULES = YES;
				CLANG_ENABLE_OBJC_ARC = YES;
				CLANG_WARN_BOOL_CONVERSION = YES;
				CLANG_WARN_CONSTANT_CONVERSION = YES;
				CLANG_WARN_DIRECT_OBJC_ISA_USAGE = YES_ERROR;
				CLANG_WARN_EMPTY_BODY = YES;
				CLANG_WARN_ENUM_CONVERSION = YES;
				CLANG_WARN_INT_CONVERSION = YES;
				CLANG_WARN_OBJC_ROOT_CLASS = YES_ERROR;
				CLANG_WARN_UNREACHABLE_CODE = YES;
				CLANG_WARN__DUPLICATE_METHOD_MATCH = YES;
				"CODE_SIGN_IDENTITY[sdk=iphoneos*]" = "iPhone Developer";
				COPY_PHASE_STRIP = NO;
				DEBUG_INFORMATION_FORMAT = "dwarf-with-dsym";
				ENABLE_NS_ASSERTIONS = NO;
				ENABLE_STRICT_OBJC_MSGSEND = YES;
				GCC_C_LANGUAGE_STANDARD = gnu99;
				GCC_NO_COMMON_BLOCKS = YES;
				GCC_WARN_64_TO_32_BIT_CONVERSION = YES;
				GCC_WARN_ABOUT_RETURN_TYPE = YES_ERROR;
				GCC_WARN_UNDECLARED_SELECTOR = YES;
				GCC_WARN_UNINITIALIZED_AUTOS = YES_AGGRESSIVE;
				GCC_WARN_UNUSED_FUNCTION = YES;
				GCC_WARN_UNUSED_VARIABLE = YES;
				IPHONEOS_DEPLOYMENT_TARGET = 9.0;
				MTL_ENABLE_DEBUG_INFO = NO;
				SDKROOT = iphoneos;
				TARGETED_DEVICE_FAMILY = "1,2";
				VALIDATE_PRODUCT = YES;
			};
			name = Release;
		};
		B6E99FDE1BDD6C7A00FAEC41 /* Debug */ = {
			isa = XCBuildConfiguration;
			buildSettings = {
				ASSETCATALOG_COMPILER_APPICON_NAME = AppIcon;
				INFOPLIST_FILE = Postcard/Info.plist;
				LD_RUNPATH_SEARCH_PATHS = "$(inherited) @executable_path/Frameworks";
				PRODUCT_BUNDLE_IDENTIFIER = com.miteva.Postcard;
				PRODUCT_NAME = "$(TARGET_NAME)";
			};
			name = Debug;
		};
		B6E99FDF1BDD6C7A00FAEC41 /* Release */ = {
			isa = XCBuildConfiguration;
			buildSettings = {
				ASSETCATALOG_COMPILER_APPICON_NAME = AppIcon;
				INFOPLIST_FILE = Postcard/Info.plist;
				LD_RUNPATH_SEARCH_PATHS = "$(inherited) @executable_path/Frameworks";
				PRODUCT_BUNDLE_IDENTIFIER = com.miteva.Postcard;
				PRODUCT_NAME = "$(TARGET_NAME)";
			};
			name = Release;
		};
		B6E99FE11BDD6C7A00FAEC41 /* Debug */ = {
			isa = XCBuildConfiguration;
			buildSettings = {
				BUNDLE_LOADER = "$(TEST_HOST)";
				INFOPLIST_FILE = PostcardTests/Info.plist;
				LD_RUNPATH_SEARCH_PATHS = "$(inherited) @executable_path/Frameworks @loader_path/Frameworks";
				PRODUCT_BUNDLE_IDENTIFIER = com.miteva.PostcardTests;
				PRODUCT_NAME = "$(TARGET_NAME)";
				TEST_HOST = "$(BUILT_PRODUCTS_DIR)/Postcard.app/Postcard";
			};
			name = Debug;
		};
		B6E99FE21BDD6C7A00FAEC41 /* Release */ = {
			isa = XCBuildConfiguration;
			buildSettings = {
				BUNDLE_LOADER = "$(TEST_HOST)";
				INFOPLIST_FILE = PostcardTests/Info.plist;
				LD_RUNPATH_SEARCH_PATHS = "$(inherited) @executable_path/Frameworks @loader_path/Frameworks";
				PRODUCT_BUNDLE_IDENTIFIER = com.miteva.PostcardTests;
				PRODUCT_NAME = "$(TARGET_NAME)";
				TEST_HOST = "$(BUILT_PRODUCTS_DIR)/Postcard.app/Postcard";
			};
			name = Release;
		};
/* End XCBuildConfiguration section */

/* Begin XCConfigurationList section */
		B6E99FB81BDD6C7A00FAEC41 /* Build configuration list for PBXProject "Postcard" */ = {
			isa = XCConfigurationList;
			buildConfigurations = (
				B6E99FDB1BDD6C7A00FAEC41 /* Debug */,
				B6E99FDC1BDD6C7A00FAEC41 /* Release */,
			);
			defaultConfigurationIsVisible = 0;
			defaultConfigurationName = Release;
		};
		B6E99FDD1BDD6C7A00FAEC41 /* Build configuration list for PBXNativeTarget "Postcard" */ = {
			isa = XCConfigurationList;
			buildConfigurations = (
				B6E99FDE1BDD6C7A00FAEC41 /* Debug */,
				B6E99FDF1BDD6C7A00FAEC41 /* Release */,
			);
			defaultConfigurationIsVisible = 0;
		};
		B6E99FE01BDD6C7A00FAEC41 /* Build configuration list for PBXNativeTarget "PostcardTests" */ = {
			isa = XCConfigurationList;
			buildConfigurations = (
				B6E99FE11BDD6C7A00FAEC41 /* Debug */,
				B6E99FE21BDD6C7A00FAEC41 /* Release */,
			);
			defaultConfigurationIsVisible = 0;
		};
/* End XCConfigurationList section */

/* Begin XCVersionGroup section */
		B6E99FC71BDD6C7A00FAEC41 /* Postcard.xcdatamodeld */ = {
			isa = XCVersionGroup;
			children = (
				B6E99FC81BDD6C7A00FAEC41 /* Postcard.xcdatamodel */,
			);
			currentVersion = B6E99FC81BDD6C7A00FAEC41 /* Postcard.xcdatamodel */;
			path = Postcard.xcdatamodeld;
			sourceTree = "<group>";
			versionGroupType = wrapper.xcdatamodel;
		};
/* End XCVersionGroup section */
	};
	rootObject = B6E99FB51BDD6C7A00FAEC41 /* Project object */;
}
